PODS:
  - camera_avfoundation (0.0.1):
    - Flutter
  - Flutter (1.0.0)

DEPENDENCIES:
  - camera_avfoundation (from `.symlinks/plugins/camera_avfoundation/ios`)
  - Flutter (from `Flutter`)

EXTERNAL SOURCES:
  camera_avfoundation:
    :path: ".symlinks/plugins/camera_avfoundation/ios"
  Flutter:
    :path: Flutter

SPEC CHECKSUMS:
  camera_avfoundation: 07c77549ea54ad95d8581be86617c094a46280d9
  Flutter: f04841e97a9d0b0a8025694d0796dd46242b2854

PODFILE CHECKSUM: 7c54516ca8e3a817028f2bc66337f176f408dca3

COCOAPODS: 1.10.1
